{
  "nodes": {
    "nixpkgs": {
      "locked": {
        "lastModified": 1724999960,
        "narHash": "sha256-LB3jqSGW5u1ZcUcX6vO/qBOq5oXHlmOCxsTXGMEitp4=",
        "owner": "NixOS",
        "repo": "nixpkgs",
        "rev": "b96f849e725333eb2b1c7f1cb84ff102062468ba",
        "type": "github"
      },
      "original": {
        "owner": "NixOS",
        "ref": "nixpkgs-unstable",
        "repo": "nixpkgs",
        "type": "github"
      }
    },
    "root": {
      "inputs": {
        "nixpkgs": "nixpkgs"
      }
    }
  },
  "root": "root",
  "version": 7
}
